PODS:
  - ACBAVPlayer (2.1)
  - Alamofire (5.4.3)
  - AlamofireImage (4.2.0):
    - Alamofire (~> 5.4)
  - BetterSegmentedControl (2.0.1)
  - DrawerView (1.3.3)
  - EasyTipView (2.1.0)
  - GoogleWebRTC (1.1.31999)
  - GSImageViewerController (1.6.3)
  - KDCircularProgress (1.5.4)
  - KeychainAccess (4.2.2)
  - MarqueeLabel (4.0.5)
  - NotificationBannerSwift (3.0.6):
    - MarqueeLabel (~> 4.0.5)
    - SnapKit (~> 5.0.1)
  - Siren (5.8.1)
  - SnapKit (5.0.1)
  - SwiftConfettiView (0.1.0)
  - Swifter (2.5.0)
  - SwiftProtobuf (1.16.0)
  - UIWindowTransitions (1.0.0)

DEPENDENCIES:
  - ACBAVPlayer
  - Alamofire
  - AlamofireImage
  - BetterSegmentedControl (~> 2.0)
  - "DrawerView (from `git@github.com:SoapboxSocial/DrawerView.git`, commit `b0f4ad7ac60e0a5cfe089e55995115ccb7893d01`)"
  - EasyTipView
  - GoogleWebRTC
  - GSImageViewerController
  - KDCircularProgress
  - KeychainAccess
  - NotificationBannerSwift
  - Siren
  - SwiftConfettiView
  - "Swifter (from `git@github.com:mattdonnelly/Swifter.git`)"
  - SwiftProtobuf
  - UIWindowTransitions

SPEC REPOS:
  trunk:
    - ACBAVPlayer
    - Alamofire
    - AlamofireImage
    - BetterSegmentedControl
    - EasyTipView
    - GoogleWebRTC
    - GSImageViewerController
    - KDCircularProgress
    - KeychainAccess
    - MarqueeLabel
    - NotificationBannerSwift
    - Siren
    - SnapKit
    - SwiftConfettiView
    - SwiftProtobuf
    - UIWindowTransitions

EXTERNAL SOURCES:
  DrawerView:
    :commit: b0f4ad7ac60e0a5cfe089e55995115ccb7893d01
    :git: "git@github.com:SoapboxSocial/DrawerView.git"
  Swifter:
    :git: "git@github.com:mattdonnelly/Swifter.git"

CHECKOUT OPTIONS:
  DrawerView:
    :commit: b0f4ad7ac60e0a5cfe089e55995115ccb7893d01
    :git: "git@github.com:SoapboxSocial/DrawerView.git"
  Swifter:
    :commit: 50682ebe64e4c08f18957ccfd16888f035c20755
    :git: "git@github.com:mattdonnelly/Swifter.git"

SPEC CHECKSUMS:
  ACBAVPlayer: 7ef1a2a6045552dc35d1b8b303908d90a3d7845e
  Alamofire: e447a2774a40c996748296fa2c55112fdbbc42f9
  AlamofireImage: 34a2d90b0e5fe6a5605f85ae4b7b01e784c60192
  BetterSegmentedControl: 09607b27861d49cbce48b7673b74f9150a3d371a
  DrawerView: 41c5e5d6593d86335ee2cf9b18d738835593dbc1
  EasyTipView: a92b6edc377b81c5ac18e9fd35d5ee78e9409488
  GoogleWebRTC: b39a78c4f5cc6b0323415b9233db03a2faa7b0f0
  GSImageViewerController: 20a257d7e3dd9ee171c2dfea659992eba2761839
  KDCircularProgress: 98200c6b8e85d22bc04eb644721d3b1e12b0686b
  KeychainAccess: c0c4f7f38f6fc7bbe58f5702e25f7bd2f65abf51
  MarqueeLabel: 00cc0bcd087111dca575878b3531af980559707d
  NotificationBannerSwift: 7021be2338f8f29cf424b0aca43da462bf9e2a1a
  Siren: de768099aff1f1c9acda4247064788a4940b4bf3
  SnapKit: 97b92857e3df3a0c71833cce143274bf6ef8e5eb
  SwiftConfettiView: 1bdbc2e6913b6b1c76d8070802b212508ad5c352
  Swifter: 4c2f8cf320c2f751c10128f841d8e9bd8609d988
  SwiftProtobuf: 4e16842b83c6fda06b10fac50d73b3f1fce8ab7b
  UIWindowTransitions: 2237083382e11f100db7de934041bba0c4669c86

PODFILE CHECKSUM: ec516e32bc7f02b2b6c4e23d0708fd86c4453e26

COCOAPODS: 1.10.1
