PODS:
  - Alamofire (5.2.2)
  - GoogleWebRTC (1.1.29400)

DEPENDENCIES:
  - Alamofire
  - GoogleWebRTC

SPEC REPOS:
  trunk:
    - Alamofire
    - GoogleWebRTC

SPEC CHECKSUMS:
  Alamofire: 814429acc853c6c54ff123fc3d2ef66803823ce0
  GoogleWebRTC: cfb83bc346435a17fe06bb05f04ad826b858a7fb

PODFILE CHECKSUM: 5502de1781495ef8ef0cd5607a52267a1a277033

COCOAPODS: 1.9.1
